
Microsoft Visual Studio Solution File, Format Version 12.00
# Visual Studio 2017
Project("{FAE04EC0-301F-11D3-BF4B-00C04F79EFBC}") = "Arcane Arcade - Recent", "Arcane Arcade - Recent.csproj", "{BB842945-3A11-C09D-D3C2-205B865C7804}"
EndProject
Project("{FAE04EC0-301F-11D3-BF4B-00C04F79EFBC}") = "Arcane Arcade - Recent.Editor", "Arcane Arcade - Recent.Editor.csproj", "{B112ED43-F130-4F3E-231D-56980838D29B}"
EndProject
Global
	GlobalSection(SolutionConfigurationPlatforms) = preSolution
		Debug|Any CPU = Debug|Any CPU
		Release|Any CPU = Release|Any CPU
	EndGlobalSection
	GlobalSection(ProjectConfigurationPlatforms) = postSolution
		{BB842945-3A11-C09D-D3C2-205B865C7804}.Debug|Any CPU.ActiveCfg = Debug|Any CPU
		{BB842945-3A11-C09D-D3C2-205B865C7804}.Debug|Any CPU.Build.0 = Debug|Any CPU
		{BB842945-3A11-C09D-D3C2-205B865C7804}.Release|Any CPU.ActiveCfg = Release|Any CPU
		{BB842945-3A11-C09D-D3C2-205B865C7804}.Release|Any CPU.Build.0 = Release|Any CPU
		{B112ED43-F130-4F3E-231D-56980838D29B}.Debug|Any CPU.ActiveCfg = Debug|Any CPU
		{B112ED43-F130-4F3E-231D-56980838D29B}.Debug|Any CPU.Build.0 = Debug|Any CPU
		{B112ED43-F130-4F3E-231D-56980838D29B}.Release|Any CPU.ActiveCfg = Release|Any CPU
		{B112ED43-F130-4F3E-231D-56980838D29B}.Release|Any CPU.Build.0 = Release|Any CPU
	EndGlobalSection
	GlobalSection(SolutionProperties) = preSolution
		HideSolutionNode = FALSE
	EndGlobalSection
EndGlobal
