
Microsoft Visual Studio Solution File, Format Version 11.00
# Visual Studio 2010
Project("{FAE04EC0-301F-11D3-BF4B-00C04F79EFBC}") = "Arcane Arcade - Copy", "Assembly-CSharp.csproj", "{552ED843-4ED8-EC25-9E64-4DA528640CE6}"
EndProject
Project("{FAE04EC0-301F-11D3-BF4B-00C04F79EFBC}") = "Arcane Arcade - Copy", "Assembly-CSharp-Editor.csproj", "{A07E71C1-285F-2742-2A97-EC9C0B4B45F3}"
EndProject
Global
	GlobalSection(SolutionConfigurationPlatforms) = preSolution
		Debug|Any CPU = Debug|Any CPU
		Release|Any CPU = Release|Any CPU
	EndGlobalSection
	GlobalSection(ProjectConfigurationPlatforms) = postSolution
		{552ED843-4ED8-EC25-9E64-4DA528640CE6}.Debug|Any CPU.ActiveCfg = Debug|Any CPU
		{552ED843-4ED8-EC25-9E64-4DA528640CE6}.Debug|Any CPU.Build.0 = Debug|Any CPU
		{552ED843-4ED8-EC25-9E64-4DA528640CE6}.Release|Any CPU.ActiveCfg = Release|Any CPU
		{552ED843-4ED8-EC25-9E64-4DA528640CE6}.Release|Any CPU.Build.0 = Release|Any CPU
		{A07E71C1-285F-2742-2A97-EC9C0B4B45F3}.Debug|Any CPU.ActiveCfg = Debug|Any CPU
		{A07E71C1-285F-2742-2A97-EC9C0B4B45F3}.Debug|Any CPU.Build.0 = Debug|Any CPU
		{A07E71C1-285F-2742-2A97-EC9C0B4B45F3}.Release|Any CPU.ActiveCfg = Release|Any CPU
		{A07E71C1-285F-2742-2A97-EC9C0B4B45F3}.Release|Any CPU.Build.0 = Release|Any CPU
	EndGlobalSection
	GlobalSection(SolutionProperties) = preSolution
		HideSolutionNode = FALSE
	EndGlobalSection
	GlobalSection(MonoDevelopProperties) = preSolution
		StartupItem = Assembly-CSharp.csproj
	EndGlobalSection
EndGlobal
