
Microsoft Visual Studio Solution File, Format Version 12.00
# Visual Studio 2017
Project("{FAE04EC0-301F-11D3-BF4B-00C04F79EFBC}") = "TAVRN-an-Arcane-Arcade-", "TAVRN-an-Arcane-Arcade-.csproj", "{D544E1C4-05FE-0FAC-696D-179FF01999B5}"
EndProject
Project("{FAE04EC0-301F-11D3-BF4B-00C04F79EFBC}") = "TAVRN-an-Arcane-Arcade-.Editor", "TAVRN-an-Arcane-Arcade-.Editor.csproj", "{D593F04D-2F75-9475-FA39-AFE7A97F70C0}"
EndProject
Global
	GlobalSection(SolutionConfigurationPlatforms) = preSolution
		Debug|Any CPU = Debug|Any CPU
		Release|Any CPU = Release|Any CPU
	EndGlobalSection
	GlobalSection(ProjectConfigurationPlatforms) = postSolution
		{D544E1C4-05FE-0FAC-696D-179FF01999B5}.Debug|Any CPU.ActiveCfg = Debug|Any CPU
		{D544E1C4-05FE-0FAC-696D-179FF01999B5}.Debug|Any CPU.Build.0 = Debug|Any CPU
		{D544E1C4-05FE-0FAC-696D-179FF01999B5}.Release|Any CPU.ActiveCfg = Release|Any CPU
		{D544E1C4-05FE-0FAC-696D-179FF01999B5}.Release|Any CPU.Build.0 = Release|Any CPU
		{D593F04D-2F75-9475-FA39-AFE7A97F70C0}.Debug|Any CPU.ActiveCfg = Debug|Any CPU
		{D593F04D-2F75-9475-FA39-AFE7A97F70C0}.Debug|Any CPU.Build.0 = Debug|Any CPU
		{D593F04D-2F75-9475-FA39-AFE7A97F70C0}.Release|Any CPU.ActiveCfg = Release|Any CPU
		{D593F04D-2F75-9475-FA39-AFE7A97F70C0}.Release|Any CPU.Build.0 = Release|Any CPU
	EndGlobalSection
	GlobalSection(SolutionProperties) = preSolution
		HideSolutionNode = FALSE
	EndGlobalSection
EndGlobal
